// !$*UTF8*$!
{
	archiveVersion = 1;
	classes = {
	};
	objectVersion = 46;
	objects = {

/* Begin PBXBuildFile section */
		D84DD0C619A3BBF700BDF367 /* libtins.a in Frameworks */ = {isa = PBXBuildFile; fileRef = D84DD0C519A3BBF700BDF367 /* libtins.a */; };
		D84DD0C819A3BDB300BDF367 /* libpcap.a in Frameworks */ = {isa = PBXBuildFile; fileRef = D84DD0C719A3BDB300BDF367 /* libpcap.a */; };
		D8CD923A19A264DD00A0E520 /* main.cpp in Sources */ = {isa = PBXBuildFile; fileRef = D8CD923919A264DD00A0E520 /* main.cpp */; };
/* End PBXBuildFile section */

/* Begin PBXCopyFilesBuildPhase section */
		D8C8FA98196DC8ED00593C74 /* CopyFiles */ = {
			isa = PBXCopyFilesBuildPhase;
			buildActionMask = 2147483647;
			dstPath = /usr/share/man/man1/;
			dstSubfolderSpec = 0;
			files = (
			);
			runOnlyForDeploymentPostprocessing = 1;
		};
/* End PBXCopyFilesBuildPhase section */

/* Begin PBXFileReference section */
		D84DD0C519A3BBF700BDF367 /* libtins.a */ = {isa = PBXFileReference; lastKnownFileType = archive.ar; name = libtins.a; path = ../../../../../usr/local/lib/libtins.a; sourceTree = "<group>"; };
		D84DD0C719A3BDB300BDF367 /* libpcap.a */ = {isa = PBXFileReference; lastKnownFileType = archive.ar; name = libpcap.a; path = ../../../macports/lib/libpcap.a; sourceTree = "<group>"; };
		D8C8FA9A196DC8ED00593C74 /* tinsSniffer */ = {isa = PBXFileReference; explicitFileType = "compiled.mach-o.executable"; includeInIndex = 0; path = tinsSniffer; sourceTree = BUILT_PRODUCTS_DIR; };
		D8CD923919A264DD00A0E520 /* main.cpp */ = {isa = PBXFileReference; fileEncoding = 4; lastKnownFileType = sourcecode.cpp.cpp; path = main.cpp; sourceTree = "<group>"; };
/* End PBXFileReference section */

/* Begin PBXFrameworksBuildPhase section */
		D8C8FA97196DC8ED00593C74 /* Frameworks */ = {
			isa = PBXFrameworksBuildPhase;
			buildActionMask = 2147483647;
			files = (
				D84DD0C619A3BBF700BDF367 /* libtins.a in Frameworks */,
				D84DD0C819A3BDB300BDF367 /* libpcap.a in Frameworks */,
			);
			runOnlyForDeploymentPostprocessing = 0;
		};
/* End PBXFrameworksBuildPhase section */

/* Begin PBXGroup section */
		D84DD0C419A3BBED00BDF367 /* lib */ = {
			isa = PBXGroup;
			children = (
				D84DD0C719A3BDB300BDF367 /* libpcap.a */,
				D84DD0C519A3BBF700BDF367 /* libtins.a */,
			);
			name = lib;
			sourceTree = "<group>";
		};
		D8C8FA91196DC8ED00593C74 = {
			isa = PBXGroup;
			children = (
				D84DD0C419A3BBED00BDF367 /* lib */,
				D8CD923919A264DD00A0E520 /* main.cpp */,
				D8C8FA9B196DC8ED00593C74 /* Products */,
			);
			sourceTree = "<group>";
		};
		D8C8FA9B196DC8ED00593C74 /* Products */ = {
			isa = PBXGroup;
			children = (
				D8C8FA9A196DC8ED00593C74 /* tinsSniffer */,
			);
			name = Products;
			sourceTree = "<group>";
		};
/* End PBXGroup section */

/* Begin PBXNativeTarget section */
		D8C8FA99196DC8ED00593C74 /* tinsSniffer */ = {
			isa = PBXNativeTarget;
			buildConfigurationList = D8C8FAA3196DC8ED00593C74 /* Build configuration list for PBXNativeTarget "tinsSniffer" */;
			buildPhases = (
				D8C8FA96196DC8ED00593C74 /* Sources */,
				D8C8FA97196DC8ED00593C74 /* Frameworks */,
				D8C8FA98196DC8ED00593C74 /* CopyFiles */,
			);
			buildRules = (
			);
			dependencies = (
			);
			name = tinsSniffer;
			productName = "Hello World";
			productReference = D8C8FA9A196DC8ED00593C74 /* tinsSniffer */;
			productType = "com.apple.product-type.tool";
		};
/* End PBXNativeTarget section */

/* Begin PBXProject section */
		D8C8FA92196DC8ED00593C74 /* Project object */ = {
			isa = PBXProject;
			attributes = {
				LastUpgradeCheck = 0510;
				ORGANIZATIONNAME = "___FULLUSERNAME___";
			};
			buildConfigurationList = D8C8FA95196DC8ED00593C74 /* Build configuration list for PBXProject "tinsSniffer" */;
			compatibilityVersion = "Xcode 3.2";
			developmentRegion = English;
			hasScannedForEncodings = 0;
			knownRegions = (
				en,
			);
			mainGroup = D8C8FA91196DC8ED00593C74;
			productRefGroup = D8C8FA9B196DC8ED00593C74 /* Products */;
			projectDirPath = "";
			projectRoot = "";
			targets = (
				D8C8FA99196DC8ED00593C74 /* tinsSniffer */,
			);
		};
/* End PBXProject section */

/* Begin PBXSourcesBuildPhase section */
		D8C8FA96196DC8ED00593C74 /* Sources */ = {
			isa = PBXSourcesBuildPhase;
			buildActionMask = 2147483647;
			files = (
				D8CD923A19A264DD00A0E520 /* main.cpp in Sources */,
			);
			runOnlyForDeploymentPostprocessing = 0;
		};
/* End PBXSourcesBuildPhase section */

/* Begin XCBuildConfiguration section */
		D8C8FAA1196DC8ED00593C74 /* Debug */ = {
			isa = XCBuildConfiguration;
			buildSettings = {
				ALWAYS_SEARCH_USER_PATHS = YES;
				CLANG_CXX_LANGUAGE_STANDARD = "gnu++0x";
				CLANG_CXX_LIBRARY = "libc++";
				CLANG_ENABLE_MODULES = YES;
				CLANG_ENABLE_OBJC_ARC = YES;
				CLANG_WARN_BOOL_CONVERSION = YES;
				CLANG_WARN_CONSTANT_CONVERSION = YES;
				CLANG_WARN_DIRECT_OBJC_ISA_USAGE = YES_ERROR;
				CLANG_WARN_EMPTY_BODY = YES;
				CLANG_WARN_ENUM_CONVERSION = YES;
				CLANG_WARN_INT_CONVERSION = YES;
				CLANG_WARN_OBJC_ROOT_CLASS = YES_ERROR;
				CLANG_WARN__DUPLICATE_METHOD_MATCH = YES;
				COPY_PHASE_STRIP = NO;
				DSTROOT = "../$(PROJECT_NAME).dst";
				GCC_C_LANGUAGE_STANDARD = gnu99;
				GCC_DYNAMIC_NO_PIC = NO;
				GCC_ENABLE_OBJC_EXCEPTIONS = YES;
				GCC_OPTIMIZATION_LEVEL = 0;
				GCC_PREPROCESSOR_DEFINITIONS = (
					"DEBUG=1",
					"$(inherited)",
				);
				GCC_SYMBOLS_PRIVATE_EXTERN = NO;
				GCC_WARN_64_TO_32_BIT_CONVERSION = YES;
				GCC_WARN_ABOUT_RETURN_TYPE = YES_ERROR;
				GCC_WARN_UNDECLARED_SELECTOR = YES;
				GCC_WARN_UNINITIALIZED_AUTOS = YES_AGGRESSIVE;
				GCC_WARN_UNUSED_FUNCTION = YES;
				GCC_WARN_UNUSED_VARIABLE = YES;
				GENERATE_MASTER_OBJECT_FILE = NO;
				HEADER_SEARCH_PATHS = /usr/local/include/;
				INSTALL_PATH = ../;
				LIBRARY_SEARCH_PATHS = /usr/local/lib;
				MACOSX_DEPLOYMENT_TARGET = 10.9;
				ONLY_ACTIVE_ARCH = YES;
				OTHER_LDFLAGS = /usr/local/lib/libtins.a;
				SDKROOT = macosx10.9;
				USER_HEADER_SEARCH_PATHS = "";
			};
			name = Debug;
		};
		D8C8FAA2196DC8ED00593C74 /* Release */ = {
			isa = XCBuildConfiguration;
			buildSettings = {
				ALWAYS_SEARCH_USER_PATHS = YES;
				CLANG_CXX_LANGUAGE_STANDARD = "gnu++0x";
				CLANG_CXX_LIBRARY = "libc++";
				CLANG_ENABLE_MODULES = YES;
				CLANG_ENABLE_OBJC_ARC = YES;
				CLANG_WARN_BOOL_CONVERSION = YES;
				CLANG_WARN_CONSTANT_CONVERSION = YES;
				CLANG_WARN_DIRECT_OBJC_ISA_USAGE = YES_ERROR;
				CLANG_WARN_EMPTY_BODY = YES;
				CLANG_WARN_ENUM_CONVERSION = YES;
				CLANG_WARN_INT_CONVERSION = YES;
				CLANG_WARN_OBJC_ROOT_CLASS = YES_ERROR;
				CLANG_WARN__DUPLICATE_METHOD_MATCH = YES;
				COPY_PHASE_STRIP = YES;
				DEBUG_INFORMATION_FORMAT = "dwarf-with-dsym";
				DSTROOT = "../$(PROJECT_NAME).dst";
				ENABLE_NS_ASSERTIONS = NO;
				GCC_C_LANGUAGE_STANDARD = gnu99;
				GCC_ENABLE_OBJC_EXCEPTIONS = YES;
				GCC_WARN_64_TO_32_BIT_CONVERSION = YES;
				GCC_WARN_ABOUT_RETURN_TYPE = YES_ERROR;
				GCC_WARN_UNDECLARED_SELECTOR = YES;
				GCC_WARN_UNINITIALIZED_AUTOS = YES_AGGRESSIVE;
				GCC_WARN_UNUSED_FUNCTION = YES;
				GCC_WARN_UNUSED_VARIABLE = YES;
				GENERATE_MASTER_OBJECT_FILE = NO;
				HEADER_SEARCH_PATHS = /usr/local/include/;
				INSTALL_PATH = ../;
				LIBRARY_SEARCH_PATHS = /usr/local/lib;
				MACOSX_DEPLOYMENT_TARGET = 10.9;
				OTHER_LDFLAGS = /usr/local/lib/libtins.a;
				SDKROOT = macosx10.9;
				USER_HEADER_SEARCH_PATHS = "";
			};
			name = Release;
		};
		D8C8FAA4196DC8ED00593C74 /* Debug */ = {
			isa = XCBuildConfiguration;
			buildSettings = {
				DEBUG_INFORMATION_FORMAT = dwarf;
				HEADER_SEARCH_PATHS = (
					"$(inherited)",
					/Applications/Xcode.app/Contents/Developer/Toolchains/XcodeDefault.xctoolchain/usr/include,
				);
				INSTALL_PATH = ../../;
				LIBRARY_SEARCH_PATHS = (
					"$(inherited)",
					/Users/surya/macports/lib,
				);
				MACOSX_DEPLOYMENT_TARGET = 10.8;
				OBJROOT = build;
				OTHER_LDFLAGS = (
					/usr/local/lib/libtins.a,
					"-Wl,",
					"-Bstatic",
					"-ltins",
					"-std=c++11",
				);
				PRODUCT_NAME = tinsSniffer;
				SDKROOT = macosx10.9;
				SYMROOT = build/forNW;
			};
			name = Debug;
		};
		D8C8FAA5196DC8ED00593C74 /* Release */ = {
			isa = XCBuildConfiguration;
			buildSettings = {
				DEBUG_INFORMATION_FORMAT = dwarf;
				HEADER_SEARCH_PATHS = (
					"$(inherited)",
					/Applications/Xcode.app/Contents/Developer/Toolchains/XcodeDefault.xctoolchain/usr/include,
				);
				INSTALL_PATH = ../../;
				LIBRARY_SEARCH_PATHS = (
					"$(inherited)",
					/Users/surya/macports/lib,
				);
				MACOSX_DEPLOYMENT_TARGET = 10.8;
				OBJROOT = build;
				OTHER_LDFLAGS = (
					/usr/local/lib/libtins.a,
					"-Wl,",
					"-Bstatic",
					"-ltins",
					"-std=c++11",
				);
				PRODUCT_NAME = tinsSniffer;
				SDKROOT = macosx10.9;
				SYMROOT = build/forNW;
			};
			name = Release;
		};
/* End XCBuildConfiguration section */

/* Begin XCConfigurationList section */
		D8C8FA95196DC8ED00593C74 /* Build configuration list for PBXProject "tinsSniffer" */ = {
			isa = XCConfigurationList;
			buildConfigurations = (
				D8C8FAA1196DC8ED00593C74 /* Debug */,
				D8C8FAA2196DC8ED00593C74 /* Release */,
			);
			defaultConfigurationIsVisible = 0;
			defaultConfigurationName = Release;
		};
		D8C8FAA3196DC8ED00593C74 /* Build configuration list for PBXNativeTarget "tinsSniffer" */ = {
			isa = XCConfigurationList;
			buildConfigurations = (
				D8C8FAA4196DC8ED00593C74 /* Debug */,
				D8C8FAA5196DC8ED00593C74 /* Release */,
			);
			defaultConfigurationIsVisible = 0;
			defaultConfigurationName = Release;
		};
/* End XCConfigurationList section */
	};
	rootObject = D8C8FA92196DC8ED00593C74 /* Project object */;
}
